
Microsoft Visual Studio Solution File, Format Version 12.00
# Visual Studio Version 16
VisualStudioVersion = 16.0.30804.86
MinimumVisualStudioVersion = 10.0.40219.1
Project("{FAE04EC0-301F-11D3-BF4B-00C04F79EFBC}") = "week_2.1_ArreyOefeningen", "week_2.1_ArreyOefeningen\week_2.1_ArreyOefeningen.csproj", "{C2D8347E-C439-4F82-9823-25A0D9B73B56}"
EndProject
Project("{FAE04EC0-301F-11D3-BF4B-00C04F79EFBC}") = "week_2_reload", "week_2_reload\week_2_reload.csproj", "{DEBFFA40-F220-4883-8BF5-480309D1DE99}"
EndProject
Global
	GlobalSection(SolutionConfigurationPlatforms) = preSolution
		Debug|Any CPU = Debug|Any CPU
		Release|Any CPU = Release|Any CPU
	EndGlobalSection
	GlobalSection(ProjectConfigurationPlatforms) = postSolution
		{C2D8347E-C439-4F82-9823-25A0D9B73B56}.Debug|Any CPU.ActiveCfg = Debug|Any CPU
		{C2D8347E-C439-4F82-9823-25A0D9B73B56}.Debug|Any CPU.Build.0 = Debug|Any CPU
		{C2D8347E-C439-4F82-9823-25A0D9B73B56}.Release|Any CPU.ActiveCfg = Release|Any CPU
		{C2D8347E-C439-4F82-9823-25A0D9B73B56}.Release|Any CPU.Build.0 = Release|Any CPU
		{DEBFFA40-F220-4883-8BF5-480309D1DE99}.Debug|Any CPU.ActiveCfg = Debug|Any CPU
		{DEBFFA40-F220-4883-8BF5-480309D1DE99}.Debug|Any CPU.Build.0 = Debug|Any CPU
		{DEBFFA40-F220-4883-8BF5-480309D1DE99}.Release|Any CPU.ActiveCfg = Release|Any CPU
		{DEBFFA40-F220-4883-8BF5-480309D1DE99}.Release|Any CPU.Build.0 = Release|Any CPU
	EndGlobalSection
	GlobalSection(SolutionProperties) = preSolution
		HideSolutionNode = FALSE
	EndGlobalSection
	GlobalSection(ExtensibilityGlobals) = postSolution
		SolutionGuid = {EC364180-EE98-4101-8139-351528A285EC}
	EndGlobalSection
EndGlobal
