
Microsoft Visual Studio Solution File, Format Version 12.00
# Visual Studio Version 16
VisualStudioVersion = 16.0.30804.86
MinimumVisualStudioVersion = 10.0.40219.1
Project("{FAE04EC0-301F-11D3-BF4B-00C04F79EFBC}") = "opdatcht tooltje jip erkelkens", "opdatcht tooltje jip erkelkens\opdatcht tooltje jip erkelkens.csproj", "{172E318F-3736-4D84-B712-7A2478E81362}"
EndProject
Global
	GlobalSection(SolutionConfigurationPlatforms) = preSolution
		Debug|Any CPU = Debug|Any CPU
		Release|Any CPU = Release|Any CPU
	EndGlobalSection
	GlobalSection(ProjectConfigurationPlatforms) = postSolution
		{172E318F-3736-4D84-B712-7A2478E81362}.Debug|Any CPU.ActiveCfg = Debug|Any CPU
		{172E318F-3736-4D84-B712-7A2478E81362}.Debug|Any CPU.Build.0 = Debug|Any CPU
		{172E318F-3736-4D84-B712-7A2478E81362}.Release|Any CPU.ActiveCfg = Release|Any CPU
		{172E318F-3736-4D84-B712-7A2478E81362}.Release|Any CPU.Build.0 = Release|Any CPU
	EndGlobalSection
	GlobalSection(SolutionProperties) = preSolution
		HideSolutionNode = FALSE
	EndGlobalSection
	GlobalSection(ExtensibilityGlobals) = postSolution
		SolutionGuid = {103C84E4-19B4-44C2-B646-8A51747874AE}
	EndGlobalSection
EndGlobal
